
Microsoft Visual Studio Solution File, Format Version 12.00
# Visual Studio Version 17
VisualStudioVersion = 17.8.34330.188
MinimumVisualStudioVersion = 10.0.40219.1
Project("{FAE04EC0-301F-11D3-BF4B-00C04F79EFBC}") = "DZ EF 23.01.2024", "DZ EF 23.01.2024.csproj", "{928C6CA4-BE42-4BDC-ABDB-72C757C142E0}"
EndProject
Global
	GlobalSection(SolutionConfigurationPlatforms) = preSolution
		Debug|Any CPU = Debug|Any CPU
		Release|Any CPU = Release|Any CPU
	EndGlobalSection
	GlobalSection(ProjectConfigurationPlatforms) = postSolution
		{928C6CA4-BE42-4BDC-ABDB-72C757C142E0}.Debug|Any CPU.ActiveCfg = Debug|Any CPU
		{928C6CA4-BE42-4BDC-ABDB-72C757C142E0}.Debug|Any CPU.Build.0 = Debug|Any CPU
		{928C6CA4-BE42-4BDC-ABDB-72C757C142E0}.Release|Any CPU.ActiveCfg = Release|Any CPU
		{928C6CA4-BE42-4BDC-ABDB-72C757C142E0}.Release|Any CPU.Build.0 = Release|Any CPU
	EndGlobalSection
	GlobalSection(SolutionProperties) = preSolution
		HideSolutionNode = FALSE
	EndGlobalSection
	GlobalSection(ExtensibilityGlobals) = postSolution
		SolutionGuid = {61F95DFD-E35F-4747-A570-9E51D228F857}
	EndGlobalSection
EndGlobal
