
Microsoft Visual Studio Solution File, Format Version 12.00
# Visual Studio Version 17
VisualStudioVersion = 17.5.33516.290
MinimumVisualStudioVersion = 10.0.40219.1
Project("{FAE04EC0-301F-11D3-BF4B-00C04F79EFBC}") = "TESTING", "TESTING\TESTING.csproj", "{8AE7C63B-2662-4B52-874A-90FE620BC524}"
EndProject
Global
	GlobalSection(SolutionConfigurationPlatforms) = preSolution
		Debug|Any CPU = Debug|Any CPU
		Release|Any CPU = Release|Any CPU
	EndGlobalSection
	GlobalSection(ProjectConfigurationPlatforms) = postSolution
		{8AE7C63B-2662-4B52-874A-90FE620BC524}.Debug|Any CPU.ActiveCfg = Debug|Any CPU
		{8AE7C63B-2662-4B52-874A-90FE620BC524}.Debug|Any CPU.Build.0 = Debug|Any CPU
		{8AE7C63B-2662-4B52-874A-90FE620BC524}.Release|Any CPU.ActiveCfg = Release|Any CPU
		{8AE7C63B-2662-4B52-874A-90FE620BC524}.Release|Any CPU.Build.0 = Release|Any CPU
	EndGlobalSection
	GlobalSection(SolutionProperties) = preSolution
		HideSolutionNode = FALSE
	EndGlobalSection
	GlobalSection(ExtensibilityGlobals) = postSolution
		SolutionGuid = {2471B148-90E3-4354-BCB0-D21887DB1909}
	EndGlobalSection
EndGlobal
