
Microsoft Visual Studio Solution File, Format Version 12.00
# Visual Studio Version 17
VisualStudioVersion = 17.5.33516.290
MinimumVisualStudioVersion = 10.0.40219.1
Project("{FAE04EC0-301F-11D3-BF4B-00C04F79EFBC}") = "DZ 12.10.2023_2", "DZ 12.10.2023_2\DZ 12.10.2023_2.csproj", "{D1C4E542-F04E-4C27-8A81-B288580D32A7}"
EndProject
Global
	GlobalSection(SolutionConfigurationPlatforms) = preSolution
		Debug|Any CPU = Debug|Any CPU
		Release|Any CPU = Release|Any CPU
	EndGlobalSection
	GlobalSection(ProjectConfigurationPlatforms) = postSolution
		{D1C4E542-F04E-4C27-8A81-B288580D32A7}.Debug|Any CPU.ActiveCfg = Debug|Any CPU
		{D1C4E542-F04E-4C27-8A81-B288580D32A7}.Debug|Any CPU.Build.0 = Debug|Any CPU
		{D1C4E542-F04E-4C27-8A81-B288580D32A7}.Release|Any CPU.ActiveCfg = Release|Any CPU
		{D1C4E542-F04E-4C27-8A81-B288580D32A7}.Release|Any CPU.Build.0 = Release|Any CPU
	EndGlobalSection
	GlobalSection(SolutionProperties) = preSolution
		HideSolutionNode = FALSE
	EndGlobalSection
	GlobalSection(ExtensibilityGlobals) = postSolution
		SolutionGuid = {39DC0716-094C-4F5A-BB77-FB07959D2C3B}
	EndGlobalSection
EndGlobal
