
Microsoft Visual Studio Solution File, Format Version 12.00
# Visual Studio Version 17
VisualStudioVersion = 17.5.33516.290
MinimumVisualStudioVersion = 10.0.40219.1
Project("{FAE04EC0-301F-11D3-BF4B-00C04F79EFBC}") = "Flyweight 03.12.2023", "Flyweight 03.12.2023\Flyweight 03.12.2023.csproj", "{B860A216-45BA-4068-9BE6-179B46E1911A}"
EndProject
Global
	GlobalSection(SolutionConfigurationPlatforms) = preSolution
		Debug|Any CPU = Debug|Any CPU
		Release|Any CPU = Release|Any CPU
	EndGlobalSection
	GlobalSection(ProjectConfigurationPlatforms) = postSolution
		{B860A216-45BA-4068-9BE6-179B46E1911A}.Debug|Any CPU.ActiveCfg = Debug|Any CPU
		{B860A216-45BA-4068-9BE6-179B46E1911A}.Debug|Any CPU.Build.0 = Debug|Any CPU
		{B860A216-45BA-4068-9BE6-179B46E1911A}.Release|Any CPU.ActiveCfg = Release|Any CPU
		{B860A216-45BA-4068-9BE6-179B46E1911A}.Release|Any CPU.Build.0 = Release|Any CPU
	EndGlobalSection
	GlobalSection(SolutionProperties) = preSolution
		HideSolutionNode = FALSE
	EndGlobalSection
	GlobalSection(ExtensibilityGlobals) = postSolution
		SolutionGuid = {255F06F4-8349-4C4B-A554-24E145DF9561}
	EndGlobalSection
EndGlobal
